
Microsoft Visual Studio Solution File, Format Version 12.00
# Visual Studio Version 17
VisualStudioVersion = 17.5.33502.453
MinimumVisualStudioVersion = 10.0.40219.1
Project("{FAE04EC0-301F-11D3-BF4B-00C04F79EFBC}") = "Projekt", "Projekt\Projekt.csproj", "{B61F13B1-B90C-47F2-AC6F-07B811DDE6C7}"
EndProject
Global
	GlobalSection(SolutionConfigurationPlatforms) = preSolution
		Debug|Any CPU = Debug|Any CPU
		Release|Any CPU = Release|Any CPU
	EndGlobalSection
	GlobalSection(ProjectConfigurationPlatforms) = postSolution
		{B61F13B1-B90C-47F2-AC6F-07B811DDE6C7}.Debug|Any CPU.ActiveCfg = Debug|Any CPU
		{B61F13B1-B90C-47F2-AC6F-07B811DDE6C7}.Debug|Any CPU.Build.0 = Debug|Any CPU
		{B61F13B1-B90C-47F2-AC6F-07B811DDE6C7}.Release|Any CPU.ActiveCfg = Release|Any CPU
		{B61F13B1-B90C-47F2-AC6F-07B811DDE6C7}.Release|Any CPU.Build.0 = Release|Any CPU
	EndGlobalSection
	GlobalSection(SolutionProperties) = preSolution
		HideSolutionNode = FALSE
	EndGlobalSection
	GlobalSection(ExtensibilityGlobals) = postSolution
		SolutionGuid = {A6592B77-97AD-48D4-B2DE-AD0243C1B675}
	EndGlobalSection
EndGlobal
